// !$*UTF8*$!
{
	archiveVersion = 1;
	classes = {
	};
	objectVersion = 50;
	objects = {

/* Begin PBXBuildFile section */
		ED4787A42386F96C004A0A50 /* AppDelegate.swift in Sources */ = {isa = PBXBuildFile; fileRef = ED4787A32386F96C004A0A50 /* AppDelegate.swift */; };
		ED4787A62386F96C004A0A50 /* SceneDelegate.swift in Sources */ = {isa = PBXBuildFile; fileRef = ED4787A52386F96C004A0A50 /* SceneDelegate.swift */; };
		ED4787A82386F96C004A0A50 /* ContentView.swift in Sources */ = {isa = PBXBuildFile; fileRef = ED4787A72386F96C004A0A50 /* ContentView.swift */; };
		ED4787AA2386F971004A0A50 /* Assets.xcassets in Resources */ = {isa = PBXBuildFile; fileRef = ED4787A92386F971004A0A50 /* Assets.xcassets */; };
		ED4787AD2386F971004A0A50 /* Preview Assets.xcassets in Resources */ = {isa = PBXBuildFile; fileRef = ED4787AC2386F971004A0A50 /* Preview Assets.xcassets */; };
		ED4787B02386F971004A0A50 /* LaunchScreen.storyboard in Resources */ = {isa = PBXBuildFile; fileRef = ED4787AE2386F971004A0A50 /* LaunchScreen.storyboard */; };
		ED4787F92386FB24004A0A50 /* A.wav in Resources */ = {isa = PBXBuildFile; fileRef = ED4787F22386FB24004A0A50 /* A.wav */; };
		ED4787FA2386FB24004A0A50 /* C.wav in Resources */ = {isa = PBXBuildFile; fileRef = ED4787F32386FB24004A0A50 /* C.wav */; };
		ED4787FB2386FB24004A0A50 /* B.wav in Resources */ = {isa = PBXBuildFile; fileRef = ED4787F42386FB24004A0A50 /* B.wav */; };
		ED4787FC2386FB24004A0A50 /* F.wav in Resources */ = {isa = PBXBuildFile; fileRef = ED4787F52386FB24004A0A50 /* F.wav */; };
		ED4787FD2386FB24004A0A50 /* G.wav in Resources */ = {isa = PBXBuildFile; fileRef = ED4787F62386FB24004A0A50 /* G.wav */; };
		ED4787FE2386FB24004A0A50 /* E.wav in Resources */ = {isa = PBXBuildFile; fileRef = ED4787F72386FB24004A0A50 /* E.wav */; };
		ED4787FF2386FB24004A0A50 /* D.wav in Resources */ = {isa = PBXBuildFile; fileRef = ED4787F82386FB24004A0A50 /* D.wav */; };
/* End PBXBuildFile section */

/* Begin PBXFileReference section */
		ED4787A02386F96C004A0A50 /* Thy Xylophone.app */ = {isa = PBXFileReference; explicitFileType = wrapper.application; includeInIndex = 0; path = "Thy Xylophone.app"; sourceTree = BUILT_PRODUCTS_DIR; };
		ED4787A32386F96C004A0A50 /* AppDelegate.swift */ = {isa = PBXFileReference; lastKnownFileType = sourcecode.swift; path = AppDelegate.swift; sourceTree = "<group>"; };
		ED4787A52386F96C004A0A50 /* SceneDelegate.swift */ = {isa = PBXFileReference; lastKnownFileType = sourcecode.swift; path = SceneDelegate.swift; sourceTree = "<group>"; };
		ED4787A72386F96C004A0A50 /* ContentView.swift */ = {isa = PBXFileReference; lastKnownFileType = sourcecode.swift; path = ContentView.swift; sourceTree = "<group>"; };
		ED4787A92386F971004A0A50 /* Assets.xcassets */ = {isa = PBXFileReference; lastKnownFileType = folder.assetcatalog; path = Assets.xcassets; sourceTree = "<group>"; };
		ED4787AC2386F971004A0A50 /* Preview Assets.xcassets */ = {isa = PBXFileReference; lastKnownFileType = folder.assetcatalog; path = "Preview Assets.xcassets"; sourceTree = "<group>"; };
		ED4787AF2386F971004A0A50 /* Base */ = {isa = PBXFileReference; lastKnownFileType = file.storyboard; name = Base; path = Base.lproj/LaunchScreen.storyboard; sourceTree = "<group>"; };
		ED4787B12386F971004A0A50 /* Info.plist */ = {isa = PBXFileReference; lastKnownFileType = text.plist.xml; path = Info.plist; sourceTree = "<group>"; };
		ED4787F22386FB24004A0A50 /* A.wav */ = {isa = PBXFileReference; lastKnownFileType = audio.wav; path = A.wav; sourceTree = "<group>"; };
		ED4787F32386FB24004A0A50 /* C.wav */ = {isa = PBXFileReference; lastKnownFileType = audio.wav; path = C.wav; sourceTree = "<group>"; };
		ED4787F42386FB24004A0A50 /* B.wav */ = {isa = PBXFileReference; lastKnownFileType = audio.wav; path = B.wav; sourceTree = "<group>"; };
		ED4787F52386FB24004A0A50 /* F.wav */ = {isa = PBXFileReference; lastKnownFileType = audio.wav; path = F.wav; sourceTree = "<group>"; };
		ED4787F62386FB24004A0A50 /* G.wav */ = {isa = PBXFileReference; lastKnownFileType = audio.wav; path = G.wav; sourceTree = "<group>"; };
		ED4787F72386FB24004A0A50 /* E.wav */ = {isa = PBXFileReference; lastKnownFileType = audio.wav; path = E.wav; sourceTree = "<group>"; };
		ED4787F82386FB24004A0A50 /* D.wav */ = {isa = PBXFileReference; lastKnownFileType = audio.wav; path = D.wav; sourceTree = "<group>"; };
/* End PBXFileReference section */

/* Begin PBXFrameworksBuildPhase section */
		ED47879D2386F96C004A0A50 /* Frameworks */ = {
			isa = PBXFrameworksBuildPhase;
			buildActionMask = 2147483647;
			files = (
			);
			runOnlyForDeploymentPostprocessing = 0;
		};
/* End PBXFrameworksBuildPhase section */

/* Begin PBXGroup section */
		ED4787972386F96B004A0A50 = {
			isa = PBXGroup;
			children = (
				ED4787A22386F96C004A0A50 /* Thy Xylophone */,
				ED4787A12386F96C004A0A50 /* Products */,
				ED4787F12386FB24004A0A50 /* Sounds */,
			);
			sourceTree = "<group>";
		};
		ED4787A12386F96C004A0A50 /* Products */ = {
			isa = PBXGroup;
			children = (
				ED4787A02386F96C004A0A50 /* Thy Xylophone.app */,
			);
			name = Products;
			sourceTree = "<group>";
		};
		ED4787A22386F96C004A0A50 /* Thy Xylophone */ = {
			isa = PBXGroup;
			children = (
				ED4787A32386F96C004A0A50 /* AppDelegate.swift */,
				ED4787A52386F96C004A0A50 /* SceneDelegate.swift */,
				ED4787A72386F96C004A0A50 /* ContentView.swift */,
				ED4787A92386F971004A0A50 /* Assets.xcassets */,
				ED4787AE2386F971004A0A50 /* LaunchScreen.storyboard */,
				ED4787B12386F971004A0A50 /* Info.plist */,
				ED4787AB2386F971004A0A50 /* Preview Content */,
			);
			path = "Thy Xylophone";
			sourceTree = "<group>";
		};
		ED4787AB2386F971004A0A50 /* Preview Content */ = {
			isa = PBXGroup;
			children = (
				ED4787AC2386F971004A0A50 /* Preview Assets.xcassets */,
			);
			path = "Preview Content";
			sourceTree = "<group>";
		};
		ED4787F12386FB24004A0A50 /* Sounds */ = {
			isa = PBXGroup;
			children = (
				ED4787F22386FB24004A0A50 /* A.wav */,
				ED4787F32386FB24004A0A50 /* C.wav */,
				ED4787F42386FB24004A0A50 /* B.wav */,
				ED4787F52386FB24004A0A50 /* F.wav */,
				ED4787F62386FB24004A0A50 /* G.wav */,
				ED4787F72386FB24004A0A50 /* E.wav */,
				ED4787F82386FB24004A0A50 /* D.wav */,
			);
			name = Sounds;
			path = "../../../Downloads/Xylophone-iOS13-Completed-master/Xylophone/Sounds";
			sourceTree = "<group>";
		};
/* End PBXGroup section */

/* Begin PBXNativeTarget section */
		ED47879F2386F96C004A0A50 /* Thy Xylophone */ = {
			isa = PBXNativeTarget;
			buildConfigurationList = ED4787B42386F971004A0A50 /* Build configuration list for PBXNativeTarget "Thy Xylophone" */;
			buildPhases = (
				ED47879C2386F96C004A0A50 /* Sources */,
				ED47879D2386F96C004A0A50 /* Frameworks */,
				ED47879E2386F96C004A0A50 /* Resources */,
			);
			buildRules = (
			);
			dependencies = (
			);
			name = "Thy Xylophone";
			productName = "Thy Xylophone";
			productReference = ED4787A02386F96C004A0A50 /* Thy Xylophone.app */;
			productType = "com.apple.product-type.application";
		};
/* End PBXNativeTarget section */

/* Begin PBXProject section */
		ED4787982386F96B004A0A50 /* Project object */ = {
			isa = PBXProject;
			attributes = {
				LastSwiftUpdateCheck = 1110;
				LastUpgradeCheck = 1110;
				ORGANIZATIONNAME = "Cole Hillyer";
				TargetAttributes = {
					ED47879F2386F96C004A0A50 = {
						CreatedOnToolsVersion = 11.1;
					};
				};
			};
			buildConfigurationList = ED47879B2386F96B004A0A50 /* Build configuration list for PBXProject "Thy Xylophone" */;
			compatibilityVersion = "Xcode 9.3";
			developmentRegion = en;
			hasScannedForEncodings = 0;
			knownRegions = (
				en,
				Base,
			);
			mainGroup = ED4787972386F96B004A0A50;
			productRefGroup = ED4787A12386F96C004A0A50 /* Products */;
			projectDirPath = "";
			projectRoot = "";
			targets = (
				ED47879F2386F96C004A0A50 /* Thy Xylophone */,
			);
		};
/* End PBXProject section */

/* Begin PBXResourcesBuildPhase section */
		ED47879E2386F96C004A0A50 /* Resources */ = {
			isa = PBXResourcesBuildPhase;
			buildActionMask = 2147483647;
			files = (
				ED4787FD2386FB24004A0A50 /* G.wav in Resources */,
				ED4787B02386F971004A0A50 /* LaunchScreen.storyboard in Resources */,
				ED4787FC2386FB24004A0A50 /* F.wav in Resources */,
				ED4787AD2386F971004A0A50 /* Preview Assets.xcassets in Resources */,
				ED4787F92386FB24004A0A50 /* A.wav in Resources */,
				ED4787FB2386FB24004A0A50 /* B.wav in Resources */,
				ED4787FE2386FB24004A0A50 /* E.wav in Resources */,
				ED4787FF2386FB24004A0A50 /* D.wav in Resources */,
				ED4787AA2386F971004A0A50 /* Assets.xcassets in Resources */,
				ED4787FA2386FB24004A0A50 /* C.wav in Resources */,
			);
			runOnlyForDeploymentPostprocessing = 0;
		};
/* End PBXResourcesBuildPhase section */

/* Begin PBXSourcesBuildPhase section */
		ED47879C2386F96C004A0A50 /* Sources */ = {
			isa = PBXSourcesBuildPhase;
			buildActionMask = 2147483647;
			files = (
				ED4787A42386F96C004A0A50 /* AppDelegate.swift in Sources */,
				ED4787A62386F96C004A0A50 /* SceneDelegate.swift in Sources */,
				ED4787A82386F96C004A0A50 /* ContentView.swift in Sources */,
			);
			runOnlyForDeploymentPostprocessing = 0;
		};
/* End PBXSourcesBuildPhase section */

/* Begin PBXVariantGroup section */
		ED4787AE2386F971004A0A50 /* LaunchScreen.storyboard */ = {
			isa = PBXVariantGroup;
			children = (
				ED4787AF2386F971004A0A50 /* Base */,
			);
			name = LaunchScreen.storyboard;
			sourceTree = "<group>";
		};
/* End PBXVariantGroup section */

/* Begin XCBuildConfiguration section */
		ED4787B22386F971004A0A50 /* Debug */ = {
			isa = XCBuildConfiguration;
			buildSettings = {
				ALWAYS_SEARCH_USER_PATHS = NO;
				CLANG_ANALYZER_NONNULL = YES;
				CLANG_ANALYZER_NUMBER_OBJECT_CONVERSION = YES_AGGRESSIVE;
				CLANG_CXX_LANGUAGE_STANDARD = "gnu++14";
				CLANG_CXX_LIBRARY = "libc++";
				CLANG_ENABLE_MODULES = YES;
				CLANG_ENABLE_OBJC_ARC = YES;
				CLANG_ENABLE_OBJC_WEAK = YES;
				CLANG_WARN_BLOCK_CAPTURE_AUTORELEASING = YES;
				CLANG_WARN_BOOL_CONVERSION = YES;
				CLANG_WARN_COMMA = YES;
				CLANG_WARN_CONSTANT_CONVERSION = YES;
				CLANG_WARN_DEPRECATED_OBJC_IMPLEMENTATIONS = YES;
				CLANG_WARN_DIRECT_OBJC_ISA_USAGE = YES_ERROR;
				CLANG_WARN_DOCUMENTATION_COMMENTS = YES;
				CLANG_WARN_EMPTY_BODY = YES;
				CLANG_WARN_ENUM_CONVERSION = YES;
				CLANG_WARN_INFINITE_RECURSION = YES;
				CLANG_WARN_INT_CONVERSION = YES;
				CLANG_WARN_NON_LITERAL_NULL_CONVERSION = YES;
				CLANG_WARN_OBJC_IMPLICIT_RETAIN_SELF = YES;
				CLANG_WARN_OBJC_LITERAL_CONVERSION = YES;
				CLANG_WARN_OBJC_ROOT_CLASS = YES_ERROR;
				CLANG_WARN_RANGE_LOOP_ANALYSIS = YES;
				CLANG_WARN_STRICT_PROTOTYPES = YES;
				CLANG_WARN_SUSPICIOUS_MOVE = YES;
				CLANG_WARN_UNGUARDED_AVAILABILITY = YES_AGGRESSIVE;
				CLANG_WARN_UNREACHABLE_CODE = YES;
				CLANG_WARN__DUPLICATE_METHOD_MATCH = YES;
				COPY_PHASE_STRIP = NO;
				DEBUG_INFORMATION_FORMAT = dwarf;
				ENABLE_STRICT_OBJC_MSGSEND = YES;
				ENABLE_TESTABILITY = YES;
				GCC_C_LANGUAGE_STANDARD = gnu11;
				GCC_DYNAMIC_NO_PIC = NO;
				GCC_NO_COMMON_BLOCKS = YES;
				GCC_OPTIMIZATION_LEVEL = 0;
				GCC_PREPROCESSOR_DEFINITIONS = (
					"DEBUG=1",
					"$(inherited)",
				);
				GCC_WARN_64_TO_32_BIT_CONVERSION = YES;
				GCC_WARN_ABOUT_RETURN_TYPE = YES_ERROR;
				GCC_WARN_UNDECLARED_SELECTOR = YES;
				GCC_WARN_UNINITIALIZED_AUTOS = YES_AGGRESSIVE;
				GCC_WARN_UNUSED_FUNCTION = YES;
				GCC_WARN_UNUSED_VARIABLE = YES;
				IPHONEOS_DEPLOYMENT_TARGET = 13.1;
				MTL_ENABLE_DEBUG_INFO = INCLUDE_SOURCE;
				MTL_FAST_MATH = YES;
				ONLY_ACTIVE_ARCH = YES;
				SDKROOT = iphoneos;
				SWIFT_ACTIVE_COMPILATION_CONDITIONS = DEBUG;
				SWIFT_OPTIMIZATION_LEVEL = "-Onone";
			};
			name = Debug;
		};
		ED4787B32386F971004A0A50 /* Release */ = {
			isa = XCBuildConfiguration;
			buildSettings = {
				ALWAYS_SEARCH_USER_PATHS = NO;
				CLANG_ANALYZER_NONNULL = YES;
				CLANG_ANALYZER_NUMBER_OBJECT_CONVERSION = YES_AGGRESSIVE;
				CLANG_CXX_LANGUAGE_STANDARD = "gnu++14";
				CLANG_CXX_LIBRARY = "libc++";
				CLANG_ENABLE_MODULES = YES;
				CLANG_ENABLE_OBJC_ARC = YES;
				CLANG_ENABLE_OBJC_WEAK = YES;
				CLANG_WARN_BLOCK_CAPTURE_AUTORELEASING = YES;
				CLANG_WARN_BOOL_CONVERSION = YES;
				CLANG_WARN_COMMA = YES;
				CLANG_WARN_CONSTANT_CONVERSION = YES;
				CLANG_WARN_DEPRECATED_OBJC_IMPLEMENTATIONS = YES;
				CLANG_WARN_DIRECT_OBJC_ISA_USAGE = YES_ERROR;
				CLANG_WARN_DOCUMENTATION_COMMENTS = YES;
				CLANG_WARN_EMPTY_BODY = YES;
				CLANG_WARN_ENUM_CONVERSION = YES;
				CLANG_WARN_INFINITE_RECURSION = YES;
				CLANG_WARN_INT_CONVERSION = YES;
				CLANG_WARN_NON_LITERAL_NULL_CONVERSION = YES;
				CLANG_WARN_OBJC_IMPLICIT_RETAIN_SELF = YES;
				CLANG_WARN_OBJC_LITERAL_CONVERSION = YES;
				CLANG_WARN_OBJC_ROOT_CLASS = YES_ERROR;
				CLANG_WARN_RANGE_LOOP_ANALYSIS = YES;
				CLANG_WARN_STRICT_PROTOTYPES = YES;
				CLANG_WARN_SUSPICIOUS_MOVE = YES;
				CLANG_WARN_UNGUARDED_AVAILABILITY = YES_AGGRESSIVE;
				CLANG_WARN_UNREACHABLE_CODE = YES;
				CLANG_WARN__DUPLICATE_METHOD_MATCH = YES;
				COPY_PHASE_STRIP = NO;
				DEBUG_INFORMATION_FORMAT = "dwarf-with-dsym";
				ENABLE_NS_ASSERTIONS = NO;
				ENABLE_STRICT_OBJC_MSGSEND = YES;
				GCC_C_LANGUAGE_STANDARD = gnu11;
				GCC_NO_COMMON_BLOCKS = YES;
				GCC_WARN_64_TO_32_BIT_CONVERSION = YES;
				GCC_WARN_ABOUT_RETURN_TYPE = YES_ERROR;
				GCC_WARN_UNDECLARED_SELECTOR = YES;
				GCC_WARN_UNINITIALIZED_AUTOS = YES_AGGRESSIVE;
				GCC_WARN_UNUSED_FUNCTION = YES;
				GCC_WARN_UNUSED_VARIABLE = YES;
				IPHONEOS_DEPLOYMENT_TARGET = 13.1;
				MTL_ENABLE_DEBUG_INFO = NO;
				MTL_FAST_MATH = YES;
				SDKROOT = iphoneos;
				SWIFT_COMPILATION_MODE = wholemodule;
				SWIFT_OPTIMIZATION_LEVEL = "-O";
				VALIDATE_PRODUCT = YES;
			};
			name = Release;
		};
		ED4787B52386F971004A0A50 /* Debug */ = {
			isa = XCBuildConfiguration;
			buildSettings = {
				ASSETCATALOG_COMPILER_APPICON_NAME = AppIcon;
				CODE_SIGN_STYLE = Automatic;
				DEVELOPMENT_ASSET_PATHS = "\"Thy Xylophone/Preview Content\"";
				DEVELOPMENT_TEAM = 69Y65Y5Q3D;
				ENABLE_PREVIEWS = YES;
				INFOPLIST_FILE = "Thy Xylophone/Info.plist";
				LD_RUNPATH_SEARCH_PATHS = (
					"$(inherited)",
					"@executable_path/Frameworks",
				);
				PRODUCT_BUNDLE_IDENTIFIER = "org.cate.cs.ch.Thy-Xylophone";
				PRODUCT_NAME = "$(TARGET_NAME)";
				SWIFT_VERSION = 5.0;
				TARGETED_DEVICE_FAMILY = "1,2";
			};
			name = Debug;
		};
		ED4787B62386F971004A0A50 /* Release */ = {
			isa = XCBuildConfiguration;
			buildSettings = {
				ASSETCATALOG_COMPILER_APPICON_NAME = AppIcon;
				CODE_SIGN_STYLE = Automatic;
				DEVELOPMENT_ASSET_PATHS = "\"Thy Xylophone/Preview Content\"";
				DEVELOPMENT_TEAM = 69Y65Y5Q3D;
				ENABLE_PREVIEWS = YES;
				INFOPLIST_FILE = "Thy Xylophone/Info.plist";
				LD_RUNPATH_SEARCH_PATHS = (
					"$(inherited)",
					"@executable_path/Frameworks",
				);
				PRODUCT_BUNDLE_IDENTIFIER = "org.cate.cs.ch.Thy-Xylophone";
				PRODUCT_NAME = "$(TARGET_NAME)";
				SWIFT_VERSION = 5.0;
				TARGETED_DEVICE_FAMILY = "1,2";
			};
			name = Release;
		};
/* End XCBuildConfiguration section */

/* Begin XCConfigurationList section */
		ED47879B2386F96B004A0A50 /* Build configuration list for PBXProject "Thy Xylophone" */ = {
			isa = XCConfigurationList;
			buildConfigurations = (
				ED4787B22386F971004A0A50 /* Debug */,
				ED4787B32386F971004A0A50 /* Release */,
			);
			defaultConfigurationIsVisible = 0;
			defaultConfigurationName = Release;
		};
		ED4787B42386F971004A0A50 /* Build configuration list for PBXNativeTarget "Thy Xylophone" */ = {
			isa = XCConfigurationList;
			buildConfigurations = (
				ED4787B52386F971004A0A50 /* Debug */,
				ED4787B62386F971004A0A50 /* Release */,
			);
			defaultConfigurationIsVisible = 0;
			defaultConfigurationName = Release;
		};
/* End XCConfigurationList section */
	};
	rootObject = ED4787982386F96B004A0A50 /* Project object */;
}
